
Microsoft Visual Studio Solution File, Format Version 12.00
# Visual Studio Version 17
VisualStudioVersion = 17.6.33723.286
MinimumVisualStudioVersion = 10.0.40219.1
Project("{FAE04EC0-301F-11D3-BF4B-00C04F79EFBC}") = "pseudoparcial.consola", "pseudoparcial.consola\pseudoparcial.consola.csproj", "{E7753FC2-C0BF-43FD-A058-CD24CCB6579D}"
EndProject
Global
	GlobalSection(SolutionConfigurationPlatforms) = preSolution
		Debug|Any CPU = Debug|Any CPU
		Release|Any CPU = Release|Any CPU
	EndGlobalSection
	GlobalSection(ProjectConfigurationPlatforms) = postSolution
		{E7753FC2-C0BF-43FD-A058-CD24CCB6579D}.Debug|Any CPU.ActiveCfg = Debug|Any CPU
		{E7753FC2-C0BF-43FD-A058-CD24CCB6579D}.Debug|Any CPU.Build.0 = Debug|Any CPU
		{E7753FC2-C0BF-43FD-A058-CD24CCB6579D}.Release|Any CPU.ActiveCfg = Release|Any CPU
		{E7753FC2-C0BF-43FD-A058-CD24CCB6579D}.Release|Any CPU.Build.0 = Release|Any CPU
	EndGlobalSection
	GlobalSection(SolutionProperties) = preSolution
		HideSolutionNode = FALSE
	EndGlobalSection
	GlobalSection(ExtensibilityGlobals) = postSolution
		SolutionGuid = {7AA84495-2C12-4E29-8EB6-4086BFA8EA1E}
	EndGlobalSection
EndGlobal
